
Microsoft Visual Studio Solution File, Format Version 12.00
# Visual Studio Version 17
VisualStudioVersion = 17.13.35825.156
MinimumVisualStudioVersion = 10.0.40219.1
Project("{2150E333-8FDC-42A3-9474-1A3956D46DE8}") = "Services", "Services", "{02EA681E-C7D8-13C7-8484-4AC65E1B71E8}"
EndProject
Project("{FAE04EC0-301F-11D3-BF4B-00C04F79EFBC}") = "Catalog.API", "services\Catalog.API\Catalog.API.csproj", "{73E2CFD4-3970-43AB-95FE-C61C1CC03557}"
EndProject
Project("{FAE04EC0-301F-11D3-BF4B-00C04F79EFBC}") = "Basket.API", "services\Basket.API\Basket.API.csproj", "{89F7A6E8-97FE-4A8F-A1E3-075F3E96A9FC}"
EndProject
Global
	GlobalSection(SolutionConfigurationPlatforms) = preSolution
		Debug|Any CPU = Debug|Any CPU
		Release|Any CPU = Release|Any CPU
	EndGlobalSection
	GlobalSection(ProjectConfigurationPlatforms) = postSolution
		{73E2CFD4-3970-43AB-95FE-C61C1CC03557}.Debug|Any CPU.ActiveCfg = Debug|Any CPU
		{73E2CFD4-3970-43AB-95FE-C61C1CC03557}.Debug|Any CPU.Build.0 = Debug|Any CPU
		{73E2CFD4-3970-43AB-95FE-C61C1CC03557}.Release|Any CPU.ActiveCfg = Release|Any CPU
		{73E2CFD4-3970-43AB-95FE-C61C1CC03557}.Release|Any CPU.Build.0 = Release|Any CPU
		{89F7A6E8-97FE-4A8F-A1E3-075F3E96A9FC}.Debug|Any CPU.ActiveCfg = Debug|Any CPU
		{89F7A6E8-97FE-4A8F-A1E3-075F3E96A9FC}.Debug|Any CPU.Build.0 = Debug|Any CPU
		{89F7A6E8-97FE-4A8F-A1E3-075F3E96A9FC}.Release|Any CPU.ActiveCfg = Release|Any CPU
		{89F7A6E8-97FE-4A8F-A1E3-075F3E96A9FC}.Release|Any CPU.Build.0 = Release|Any CPU
	EndGlobalSection
	GlobalSection(SolutionProperties) = preSolution
		HideSolutionNode = FALSE
	EndGlobalSection
	GlobalSection(NestedProjects) = preSolution
		{73E2CFD4-3970-43AB-95FE-C61C1CC03557} = {02EA681E-C7D8-13C7-8484-4AC65E1B71E8}
		{89F7A6E8-97FE-4A8F-A1E3-075F3E96A9FC} = {02EA681E-C7D8-13C7-8484-4AC65E1B71E8}
	EndGlobalSection
	GlobalSection(ExtensibilityGlobals) = postSolution
		SolutionGuid = {DA9F297F-C920-4044-B71F-7E94F4F3C7E1}
	EndGlobalSection
EndGlobal
